
Microsoft Visual Studio Solution File, Format Version 12.00
# Visual Studio Version 17
VisualStudioVersion = 17.3.32901.215
MinimumVisualStudioVersion = 10.0.40219.1
Project("{FAE04EC0-301F-11D3-BF4B-00C04F79EFBC}") = "Enum_Practice", "Enum_Practice.csproj", "{3E49AC30-F491-4741-B23F-AF9CF015D46A}"
EndProject
Global
	GlobalSection(SolutionConfigurationPlatforms) = preSolution
		Debug|Any CPU = Debug|Any CPU
		Release|Any CPU = Release|Any CPU
	EndGlobalSection
	GlobalSection(ProjectConfigurationPlatforms) = postSolution
		{3E49AC30-F491-4741-B23F-AF9CF015D46A}.Debug|Any CPU.ActiveCfg = Debug|Any CPU
		{3E49AC30-F491-4741-B23F-AF9CF015D46A}.Debug|Any CPU.Build.0 = Debug|Any CPU
		{3E49AC30-F491-4741-B23F-AF9CF015D46A}.Release|Any CPU.ActiveCfg = Release|Any CPU
		{3E49AC30-F491-4741-B23F-AF9CF015D46A}.Release|Any CPU.Build.0 = Release|Any CPU
	EndGlobalSection
	GlobalSection(SolutionProperties) = preSolution
		HideSolutionNode = FALSE
	EndGlobalSection
	GlobalSection(ExtensibilityGlobals) = postSolution
		SolutionGuid = {03AF65F3-AF60-431E-8050-F42D4BB9C22F}
	EndGlobalSection
EndGlobal
