
Microsoft Visual Studio Solution File, Format Version 12.00
# Visual Studio Version 17
VisualStudioVersion = 17.3.32901.215
MinimumVisualStudioVersion = 10.0.40219.1
Project("{FAE04EC0-301F-11D3-BF4B-00C04F79EFBC}") = "EmployeeLambda", "EmployeeLambda.csproj", "{F21FDD3B-B3F9-4BFE-AD01-A58AC92CEDBC}"
EndProject
Global
	GlobalSection(SolutionConfigurationPlatforms) = preSolution
		Debug|Any CPU = Debug|Any CPU
		Release|Any CPU = Release|Any CPU
	EndGlobalSection
	GlobalSection(ProjectConfigurationPlatforms) = postSolution
		{F21FDD3B-B3F9-4BFE-AD01-A58AC92CEDBC}.Debug|Any CPU.ActiveCfg = Debug|Any CPU
		{F21FDD3B-B3F9-4BFE-AD01-A58AC92CEDBC}.Debug|Any CPU.Build.0 = Debug|Any CPU
		{F21FDD3B-B3F9-4BFE-AD01-A58AC92CEDBC}.Release|Any CPU.ActiveCfg = Release|Any CPU
		{F21FDD3B-B3F9-4BFE-AD01-A58AC92CEDBC}.Release|Any CPU.Build.0 = Release|Any CPU
	EndGlobalSection
	GlobalSection(SolutionProperties) = preSolution
		HideSolutionNode = FALSE
	EndGlobalSection
	GlobalSection(ExtensibilityGlobals) = postSolution
		SolutionGuid = {0205A396-14CF-4575-90E6-C907E04161F8}
	EndGlobalSection
EndGlobal
